PODS:
  - Alamofire (4.3.0)
  - Alamofire-Gloss (2.0.0):
    - Alamofire-Gloss/Core (= 2.0.0)
  - Alamofire-Gloss/Core (2.0.0):
    - Alamofire (~> 4.0)
    - Gloss (~> 1.0)
  - BTNavigationDropdownMenu (0.4.1)
  - Gloss (1.2.0)
  - GuillotineMenu (3.0)
  - Hero (0.1.1)
  - SDWebImage (3.8.2):
    - SDWebImage/Core (= 3.8.2)
  - SDWebImage/Core (3.8.2)
  - SVProgressHUD (2.1.2)
  - SwiftyJSON (3.1.4)

DEPENDENCIES:
  - Alamofire-Gloss
  - BTNavigationDropdownMenu (from `https://github.com/PhamBaTho/BTNavigationDropdownMenu.git`, branch `swift-3.0`)
  - GuillotineMenu (~> 3.0)
  - Hero
  - SDWebImage (~> 3.8)
  - SVProgressHUD
  - SwiftyJSON

EXTERNAL SOURCES:
  BTNavigationDropdownMenu:
    :branch: swift-3.0
    :git: https://github.com/PhamBaTho/BTNavigationDropdownMenu.git

CHECKOUT OPTIONS:
  BTNavigationDropdownMenu:
    :commit: 2c08c8579cf7a53ecb3dbf578e6e1034080a9859
    :git: https://github.com/PhamBaTho/BTNavigationDropdownMenu.git

SPEC CHECKSUMS:
  Alamofire: 856a113053a7bc9cbe5d6367a555d773fc5cfef7
  Alamofire-Gloss: dea192a13e23d323415e80e9b18d53915fd484bf
  BTNavigationDropdownMenu: 093f3cbfad1572f2c222bdf8d17584d1e13380d4
  Gloss: ec49584b2e8144e39810b6db6285433316e0c1c7
  GuillotineMenu: 611ccb58ae092f2d929535377570ef25a7b5bc63
  Hero: b855122bc80662e7446300ca18c9e4bcb0679540
  SDWebImage: 098e97e6176540799c27e804c96653ee0833d13c
  SVProgressHUD: c404a55d78acbeb7ebb78b76d3faf986475a6994
  SwiftyJSON: c2842d878f95482ffceec5709abc3d05680c0220

PODFILE CHECKSUM: 1c70d419a5fb45f80a688f68d99a2e7f4ee5d73e

COCOAPODS: 1.1.1
